
Microsoft Visual Studio Solution File, Format Version 12.00
# Visual Studio Version 17
VisualStudioVersion = 17.11.35208.52
MinimumVisualStudioVersion = 10.0.40219.1
Project("{FAE04EC0-301F-11D3-BF4B-00C04F79EFBC}") = "03LabExercise2_Ceniza", "03LabExercise2_Ceniza\03LabExercise2_Ceniza.csproj", "{9A9F4024-8C2C-472C-B112-0C7EB2863AB5}"
EndProject
Global
	GlobalSection(SolutionConfigurationPlatforms) = preSolution
		Debug|Any CPU = Debug|Any CPU
		Release|Any CPU = Release|Any CPU
	EndGlobalSection
	GlobalSection(ProjectConfigurationPlatforms) = postSolution
		{9A9F4024-8C2C-472C-B112-0C7EB2863AB5}.Debug|Any CPU.ActiveCfg = Debug|Any CPU
		{9A9F4024-8C2C-472C-B112-0C7EB2863AB5}.Debug|Any CPU.Build.0 = Debug|Any CPU
		{9A9F4024-8C2C-472C-B112-0C7EB2863AB5}.Release|Any CPU.ActiveCfg = Release|Any CPU
		{9A9F4024-8C2C-472C-B112-0C7EB2863AB5}.Release|Any CPU.Build.0 = Release|Any CPU
	EndGlobalSection
	GlobalSection(SolutionProperties) = preSolution
		HideSolutionNode = FALSE
	EndGlobalSection
	GlobalSection(ExtensibilityGlobals) = postSolution
		SolutionGuid = {C818FF5E-6318-41CE-9EAA-A6A4D057212D}
	EndGlobalSection
EndGlobal
